
Microsoft Visual Studio Solution File, Format Version 12.00
# Visual Studio Version 16
VisualStudioVersion = 16.0.28803.352
MinimumVisualStudioVersion = 10.0.40219.1
Project("{FAE04EC0-301F-11D3-BF4B-00C04F79EFBC}") = "E30_CorvertirUltimaLetraMayus", "E30_CorvertirUltimaLetraMayus\E30_CorvertirUltimaLetraMayus.csproj", "{316BBE33-056E-4542-8B0F-3DEFA13E8311}"
EndProject
Global
	GlobalSection(SolutionConfigurationPlatforms) = preSolution
		Debug|Any CPU = Debug|Any CPU
		Release|Any CPU = Release|Any CPU
	EndGlobalSection
	GlobalSection(ProjectConfigurationPlatforms) = postSolution
		{316BBE33-056E-4542-8B0F-3DEFA13E8311}.Debug|Any CPU.ActiveCfg = Debug|Any CPU
		{316BBE33-056E-4542-8B0F-3DEFA13E8311}.Debug|Any CPU.Build.0 = Debug|Any CPU
		{316BBE33-056E-4542-8B0F-3DEFA13E8311}.Release|Any CPU.ActiveCfg = Release|Any CPU
		{316BBE33-056E-4542-8B0F-3DEFA13E8311}.Release|Any CPU.Build.0 = Release|Any CPU
	EndGlobalSection
	GlobalSection(SolutionProperties) = preSolution
		HideSolutionNode = FALSE
	EndGlobalSection
	GlobalSection(ExtensibilityGlobals) = postSolution
		SolutionGuid = {7A81C34D-B4CD-4B9B-AFD9-369CAA32564F}
	EndGlobalSection
EndGlobal
